<?xml version="1.0" encoding="utf-8"?>
<Project ToolsVersion="4.0" xmlns="http://schemas.microsoft.com/developer/msbuild/2003">
  <ItemGroup>
    <Filter Include="ソース ファイル">
      <UniqueIdentifier>{4FC737F1-C7A5-4376-A066-2A32D752A2FF}</UniqueIdentifier>
      <Extensions>cpp;c;cc;cxx;def;odl;idl;hpj;bat;asm;asmx</Extensions>
    </Filter>
    <Filter Include="ヘッダー ファイル">
      <UniqueIdentifier>{93995380-89BD-4b04-88EB-625FBE52EBFB}</UniqueIdentifier>
      <Extensions>h;hh;hpp;hxx;hm;inl;inc;xsd</Extensions>
    </Filter>
    <Filter Include="リソース ファイル">
      <UniqueIdentifier>{67DA6AB6-F800-4c08-8B7A-83BB121AAD01}</UniqueIdentifier>
      <Extensions>rc;ico;cur;bmp;dlg;rc2;rct;bin;rgs;gif;jpg;jpeg;jpe;resx;tiff;tif;png;wav;mfcribbon-ms</Extensions>
    </Filter>
    <Filter Include="Shader">
      <UniqueIdentifier>{09d9fb85-3bac-4127-96ed-81be094ec894}</UniqueIdentifier>
    </Filter>
    <Filter Include="Modules">
      <UniqueIdentifier>{a974e2b8-fd5a-4a7a-b852-281c89d174f2}</UniqueIdentifier>
    </Filter>
  </ItemGroup>
  <ItemGroup>
    <ClCompile Include="modules\BoundingBox.cpp">
      <Filter>Modules</Filter>
    </ClCompile>
    <ClCompile Include="modules\Camera.cpp">
      <Filter>Modules</Filter>
    </ClCompile>
    <ClCompile Include="modules\Character.cpp">
      <Filter>Modules</Filter>
    </ClCompile>
    <ClCompile Include="modules\input.cpp">
      <Filter>Modules</Filter>
    </ClCompile>
    <ClCompile Include="modules\Light.cpp">
      <Filter>Modules</Filter>
    </ClCompile>
    <ClCompile Include="modules\Material.cpp">
      <Filter>Modules</Filter>
    </ClCompile>
    <ClCompile Include="modules\Matrix.cpp">
      <Filter>Modules</Filter>
    </ClCompile>
    <ClCompile Include="modules\Model.cpp">
      <Filter>Modules</Filter>
    </ClCompile>
    <ClCompile Include="modules\Plane.cpp">
      <Filter>Modules</Filter>
    </ClCompile>
    <ClCompile Include="modules\Scene.cpp">
      <Filter>Modules</Filter>
    </ClCompile>
    <ClCompile Include="Console.cpp">
      <Filter>ソース ファイル</Filter>
    </ClCompile>
    <ClCompile Include="DebugMessage.cpp">
      <Filter>ソース ファイル</Filter>
    </ClCompile>
    <ClCompile Include="Main.cpp">
      <Filter>ソース ファイル</Filter>
    </ClCompile>
    <ClCompile Include="ResourcesManager.cpp">
      <Filter>ソース ファイル</Filter>
    </ClCompile>
    <ClCompile Include="Scene00.cpp">
      <Filter>ソース ファイル</Filter>
    </ClCompile>
    <ClCompile Include="SceneManager.cpp">
      <Filter>ソース ファイル</Filter>
    </ClCompile>
    <ClCompile Include="Shader.cpp">
      <Filter>ソース ファイル</Filter>
    </ClCompile>
  </ItemGroup>
  <ItemGroup>
    <ClInclude Include="modules\BoundingBox.h">
      <Filter>Modules</Filter>
    </ClInclude>
    <ClInclude Include="modules\Camera.h">
      <Filter>Modules</Filter>
    </ClInclude>
    <ClInclude Include="modules\Character.h">
      <Filter>Modules</Filter>
    </ClInclude>
    <ClInclude Include="modules\input.h">
      <Filter>Modules</Filter>
    </ClInclude>
    <ClInclude Include="modules\Light.h">
      <Filter>Modules</Filter>
    </ClInclude>
    <ClInclude Include="modules\Material.h">
      <Filter>Modules</Filter>
    </ClInclude>
    <ClInclude Include="modules\Matrix.h">
      <Filter>Modules</Filter>
    </ClInclude>
    <ClInclude Include="modules\Model.h">
      <Filter>Modules</Filter>
    </ClInclude>
    <ClInclude Include="modules\Plane.h">
      <Filter>Modules</Filter>
    </ClInclude>
    <ClInclude Include="modules\Scene.h">
      <Filter>Modules</Filter>
    </ClInclude>
    <ClInclude Include="Console.h">
      <Filter>ヘッダー ファイル</Filter>
    </ClInclude>
    <ClInclude Include="DebugMessage.h">
      <Filter>ヘッダー ファイル</Filter>
    </ClInclude>
    <ClInclude Include="ResourcesManager.h">
      <Filter>ヘッダー ファイル</Filter>
    </ClInclude>
    <ClInclude Include="Scene00.h">
      <Filter>ヘッダー ファイル</Filter>
    </ClInclude>
    <ClInclude Include="SceneManager.h">
      <Filter>ヘッダー ファイル</Filter>
    </ClInclude>
    <ClInclude Include="Shader.h">
      <Filter>ヘッダー ファイル</Filter>
    </ClInclude>
    <ClInclude Include="Engine.h">
      <Filter>ヘッダー ファイル</Filter>
    </ClInclude>
  </ItemGroup>
  <ItemGroup>
    <None Include="Shader\Effect.fx">
      <Filter>Shader</Filter>
    </None>
  </ItemGroup>
</Project>